
Microsoft Visual Studio Solution File, Format Version 12.00
# Visual Studio Version 16
VisualStudioVersion = 16.0.31727.386
MinimumVisualStudioVersion = 10.0.40219.1
Project("{FAE04EC0-301F-11D3-BF4B-00C04F79EFBC}") = "ScaleRfcApp", "ScaleRfcApp\ScaleRfcApp.csproj", "{0D99D636-C74E-411D-8633-BC0B57587EDA}"
EndProject
Global
	GlobalSection(SolutionConfigurationPlatforms) = preSolution
		Debug|Any CPU = Debug|Any CPU
		Debug|x64 = Debug|x64
		Debug|x86 = Debug|x86
		Release|Any CPU = Release|Any CPU
		Release|x64 = Release|x64
		Release|x86 = Release|x86
	EndGlobalSection
	GlobalSection(ProjectConfigurationPlatforms) = postSolution
		{0D99D636-C74E-411D-8633-BC0B57587EDA}.Debug|Any CPU.ActiveCfg = Debug|x86
		{0D99D636-C74E-411D-8633-BC0B57587EDA}.Debug|Any CPU.Build.0 = Debug|x86
		{0D99D636-C74E-411D-8633-BC0B57587EDA}.Debug|x64.ActiveCfg = Debug|x64
		{0D99D636-C74E-411D-8633-BC0B57587EDA}.Debug|x64.Build.0 = Debug|x64
		{0D99D636-C74E-411D-8633-BC0B57587EDA}.Debug|x86.ActiveCfg = Debug|x86
		{0D99D636-C74E-411D-8633-BC0B57587EDA}.Debug|x86.Build.0 = Debug|x86
		{0D99D636-C74E-411D-8633-BC0B57587EDA}.Release|Any CPU.ActiveCfg = Release|Any CPU
		{0D99D636-C74E-411D-8633-BC0B57587EDA}.Release|Any CPU.Build.0 = Release|Any CPU
		{0D99D636-C74E-411D-8633-BC0B57587EDA}.Release|x64.ActiveCfg = Release|x64
		{0D99D636-C74E-411D-8633-BC0B57587EDA}.Release|x64.Build.0 = Release|x64
		{0D99D636-C74E-411D-8633-BC0B57587EDA}.Release|x86.ActiveCfg = Debug|x86
		{0D99D636-C74E-411D-8633-BC0B57587EDA}.Release|x86.Build.0 = Debug|x86
	EndGlobalSection
	GlobalSection(SolutionProperties) = preSolution
		HideSolutionNode = FALSE
	EndGlobalSection
	GlobalSection(ExtensibilityGlobals) = postSolution
		SolutionGuid = {F11D3212-75A1-4C8D-8E33-D04C293E5599}
	EndGlobalSection
EndGlobal
